
Microsoft Visual Studio Solution File, Format Version 12.00
# Visual Studio Version 16
VisualStudioVersion = 16.0.30204.135
MinimumVisualStudioVersion = 10.0.40219.1
Project("{FAE04EC0-301F-11D3-BF4B-00C04F79EFBC}") = "Lab_no3", "Lab_no3\Lab_no3.csproj", "{62B44BC9-4644-40F2-B946-D64B1E0BE7BB}"
EndProject
Project("{FAE04EC0-301F-11D3-BF4B-00C04F79EFBC}") = "Lab_no4", "Lab_no4\Lab_no4.csproj", "{3941A766-EC14-423E-BEDB-8B30FEE01BF4}"
EndProject
Project("{FAE04EC0-301F-11D3-BF4B-00C04F79EFBC}") = "Lab_no5", "Lab_no5\Lab_no5.csproj", "{F1E06BDF-78C3-49F1-A0B3-7A83C41CE4B8}"
EndProject
Project("{FAE04EC0-301F-11D3-BF4B-00C04F79EFBC}") = "Additinal_after5", "Additinal_after5\Additinal_after5.csproj", "{07A98E3B-C129-4E95-9132-4806A66B3862}"
EndProject
Project("{FAE04EC0-301F-11D3-BF4B-00C04F79EFBC}") = "lab_no6", "lab_no6\lab_no6.csproj", "{500BAE3F-9644-4ED6-9B03-A4DBDCB47184}"
EndProject
Project("{FAE04EC0-301F-11D3-BF4B-00C04F79EFBC}") = "Lab_no7", "Lab_no7\Lab_no7.csproj", "{2298C051-DAE7-4316-9AC1-B1F69DC66374}"
EndProject
Project("{FAE04EC0-301F-11D3-BF4B-00C04F79EFBC}") = "Labe_no8", "Labe_no8\Labe_no8.csproj", "{E90B106C-28D8-4CDF-B9ED-4D40B5C1D299}"
EndProject
Project("{FAE04EC0-301F-11D3-BF4B-00C04F79EFBC}") = "Labe_no9", "Labe_no9\Labe_no9.csproj", "{2542386C-5D7D-4CE0-9180-FD4F4EC64B59}"
EndProject
Project("{FAE04EC0-301F-11D3-BF4B-00C04F79EFBC}") = "Labe_no10", "Labe_no10\Labe_no10.csproj", "{7BC30299-6297-4621-993D-A49111BC2854}"
EndProject
Project("{FAE04EC0-301F-11D3-BF4B-00C04F79EFBC}") = "Labe_no11", "Labe_no11\Labe_no11.csproj", "{D080BA6D-BEAF-4FDC-8A50-7A623916D0C0}"
EndProject
Project("{9A19103F-16F7-4668-BE54-9A1E7A4F7556}") = "Labe_no12", "Labe_no12\Labe_no12.csproj", "{6332B624-5B22-4923-93CC-D4149E2515A5}"
EndProject
Project("{9A19103F-16F7-4668-BE54-9A1E7A4F7556}") = "Labe_no13", "Labe_no13\Labe_no13.csproj", "{E5035DA5-FCF4-45A1-9788-C5FABA56AA6E}"
EndProject
Project("{FAE04EC0-301F-11D3-BF4B-00C04F79EFBC}") = "Lab_no14", "Lab_no14\Lab_no14.csproj", "{FC95FF43-FD26-4860-8211-9F7DCE6E2C9A}"
EndProject
Global
	GlobalSection(SolutionConfigurationPlatforms) = preSolution
		Debug|Any CPU = Debug|Any CPU
		Release|Any CPU = Release|Any CPU
	EndGlobalSection
	GlobalSection(ProjectConfigurationPlatforms) = postSolution
		{62B44BC9-4644-40F2-B946-D64B1E0BE7BB}.Debug|Any CPU.ActiveCfg = Debug|Any CPU
		{62B44BC9-4644-40F2-B946-D64B1E0BE7BB}.Debug|Any CPU.Build.0 = Debug|Any CPU
		{62B44BC9-4644-40F2-B946-D64B1E0BE7BB}.Release|Any CPU.ActiveCfg = Release|Any CPU
		{62B44BC9-4644-40F2-B946-D64B1E0BE7BB}.Release|Any CPU.Build.0 = Release|Any CPU
		{3941A766-EC14-423E-BEDB-8B30FEE01BF4}.Debug|Any CPU.ActiveCfg = Debug|Any CPU
		{3941A766-EC14-423E-BEDB-8B30FEE01BF4}.Debug|Any CPU.Build.0 = Debug|Any CPU
		{3941A766-EC14-423E-BEDB-8B30FEE01BF4}.Release|Any CPU.ActiveCfg = Release|Any CPU
		{3941A766-EC14-423E-BEDB-8B30FEE01BF4}.Release|Any CPU.Build.0 = Release|Any CPU
		{F1E06BDF-78C3-49F1-A0B3-7A83C41CE4B8}.Debug|Any CPU.ActiveCfg = Debug|Any CPU
		{F1E06BDF-78C3-49F1-A0B3-7A83C41CE4B8}.Debug|Any CPU.Build.0 = Debug|Any CPU
		{F1E06BDF-78C3-49F1-A0B3-7A83C41CE4B8}.Release|Any CPU.ActiveCfg = Release|Any CPU
		{F1E06BDF-78C3-49F1-A0B3-7A83C41CE4B8}.Release|Any CPU.Build.0 = Release|Any CPU
		{07A98E3B-C129-4E95-9132-4806A66B3862}.Debug|Any CPU.ActiveCfg = Debug|Any CPU
		{07A98E3B-C129-4E95-9132-4806A66B3862}.Debug|Any CPU.Build.0 = Debug|Any CPU
		{07A98E3B-C129-4E95-9132-4806A66B3862}.Release|Any CPU.ActiveCfg = Release|Any CPU
		{07A98E3B-C129-4E95-9132-4806A66B3862}.Release|Any CPU.Build.0 = Release|Any CPU
		{500BAE3F-9644-4ED6-9B03-A4DBDCB47184}.Debug|Any CPU.ActiveCfg = Debug|Any CPU
		{500BAE3F-9644-4ED6-9B03-A4DBDCB47184}.Debug|Any CPU.Build.0 = Debug|Any CPU
		{500BAE3F-9644-4ED6-9B03-A4DBDCB47184}.Release|Any CPU.ActiveCfg = Release|Any CPU
		{500BAE3F-9644-4ED6-9B03-A4DBDCB47184}.Release|Any CPU.Build.0 = Release|Any CPU
		{2298C051-DAE7-4316-9AC1-B1F69DC66374}.Debug|Any CPU.ActiveCfg = Debug|Any CPU
		{2298C051-DAE7-4316-9AC1-B1F69DC66374}.Debug|Any CPU.Build.0 = Debug|Any CPU
		{2298C051-DAE7-4316-9AC1-B1F69DC66374}.Release|Any CPU.ActiveCfg = Release|Any CPU
		{2298C051-DAE7-4316-9AC1-B1F69DC66374}.Release|Any CPU.Build.0 = Release|Any CPU
		{E90B106C-28D8-4CDF-B9ED-4D40B5C1D299}.Debug|Any CPU.ActiveCfg = Debug|Any CPU
		{E90B106C-28D8-4CDF-B9ED-4D40B5C1D299}.Debug|Any CPU.Build.0 = Debug|Any CPU
		{E90B106C-28D8-4CDF-B9ED-4D40B5C1D299}.Release|Any CPU.ActiveCfg = Release|Any CPU
		{E90B106C-28D8-4CDF-B9ED-4D40B5C1D299}.Release|Any CPU.Build.0 = Release|Any CPU
		{2542386C-5D7D-4CE0-9180-FD4F4EC64B59}.Debug|Any CPU.ActiveCfg = Debug|Any CPU
		{2542386C-5D7D-4CE0-9180-FD4F4EC64B59}.Debug|Any CPU.Build.0 = Debug|Any CPU
		{2542386C-5D7D-4CE0-9180-FD4F4EC64B59}.Release|Any CPU.ActiveCfg = Release|Any CPU
		{2542386C-5D7D-4CE0-9180-FD4F4EC64B59}.Release|Any CPU.Build.0 = Release|Any CPU
		{7BC30299-6297-4621-993D-A49111BC2854}.Debug|Any CPU.ActiveCfg = Debug|Any CPU
		{7BC30299-6297-4621-993D-A49111BC2854}.Debug|Any CPU.Build.0 = Debug|Any CPU
		{7BC30299-6297-4621-993D-A49111BC2854}.Release|Any CPU.ActiveCfg = Release|Any CPU
		{7BC30299-6297-4621-993D-A49111BC2854}.Release|Any CPU.Build.0 = Release|Any CPU
		{D080BA6D-BEAF-4FDC-8A50-7A623916D0C0}.Debug|Any CPU.ActiveCfg = Debug|Any CPU
		{D080BA6D-BEAF-4FDC-8A50-7A623916D0C0}.Debug|Any CPU.Build.0 = Debug|Any CPU
		{D080BA6D-BEAF-4FDC-8A50-7A623916D0C0}.Release|Any CPU.ActiveCfg = Release|Any CPU
		{D080BA6D-BEAF-4FDC-8A50-7A623916D0C0}.Release|Any CPU.Build.0 = Release|Any CPU
		{6332B624-5B22-4923-93CC-D4149E2515A5}.Debug|Any CPU.ActiveCfg = Debug|Any CPU
		{6332B624-5B22-4923-93CC-D4149E2515A5}.Debug|Any CPU.Build.0 = Debug|Any CPU
		{6332B624-5B22-4923-93CC-D4149E2515A5}.Release|Any CPU.ActiveCfg = Release|Any CPU
		{6332B624-5B22-4923-93CC-D4149E2515A5}.Release|Any CPU.Build.0 = Release|Any CPU
		{E5035DA5-FCF4-45A1-9788-C5FABA56AA6E}.Debug|Any CPU.ActiveCfg = Debug|Any CPU
		{E5035DA5-FCF4-45A1-9788-C5FABA56AA6E}.Debug|Any CPU.Build.0 = Debug|Any CPU
		{E5035DA5-FCF4-45A1-9788-C5FABA56AA6E}.Release|Any CPU.ActiveCfg = Release|Any CPU
		{E5035DA5-FCF4-45A1-9788-C5FABA56AA6E}.Release|Any CPU.Build.0 = Release|Any CPU
		{FC95FF43-FD26-4860-8211-9F7DCE6E2C9A}.Debug|Any CPU.ActiveCfg = Debug|Any CPU
		{FC95FF43-FD26-4860-8211-9F7DCE6E2C9A}.Debug|Any CPU.Build.0 = Debug|Any CPU
		{FC95FF43-FD26-4860-8211-9F7DCE6E2C9A}.Release|Any CPU.ActiveCfg = Release|Any CPU
		{FC95FF43-FD26-4860-8211-9F7DCE6E2C9A}.Release|Any CPU.Build.0 = Release|Any CPU
	EndGlobalSection
	GlobalSection(SolutionProperties) = preSolution
		HideSolutionNode = FALSE
	EndGlobalSection
	GlobalSection(ExtensibilityGlobals) = postSolution
		SolutionGuid = {87F9EAC9-F392-4A86-A22B-83782DF76878}
	EndGlobalSection
EndGlobal
