
Microsoft Visual Studio Solution File, Format Version 12.00
# Visual Studio Version 16
VisualStudioVersion = 16.0.30204.135
MinimumVisualStudioVersion = 10.0.40219.1
Project("{FAE04EC0-301F-11D3-BF4B-00C04F79EFBC}") = "Lab_no3", "Lab_no3\Lab_no3.csproj", "{62B44BC9-4644-40F2-B946-D64B1E0BE7BB}"
EndProject
Project("{FAE04EC0-301F-11D3-BF4B-00C04F79EFBC}") = "Lab_no4", "Lab_no4\Lab_no4.csproj", "{3941A766-EC14-423E-BEDB-8B30FEE01BF4}"
EndProject
Project("{FAE04EC0-301F-11D3-BF4B-00C04F79EFBC}") = "Lab_no5", "Lab_no5\Lab_no5.csproj", "{F1E06BDF-78C3-49F1-A0B3-7A83C41CE4B8}"
EndProject
Project("{FAE04EC0-301F-11D3-BF4B-00C04F79EFBC}") = "Additinal_after5", "Additinal_after5\Additinal_after5.csproj", "{07A98E3B-C129-4E95-9132-4806A66B3862}"
EndProject
Project("{FAE04EC0-301F-11D3-BF4B-00C04F79EFBC}") = "lab_no6", "lab_no6\lab_no6.csproj", "{500BAE3F-9644-4ED6-9B03-A4DBDCB47184}"
EndProject
Project("{FAE04EC0-301F-11D3-BF4B-00C04F79EFBC}") = "Lab_no7", "Lab_no7\Lab_no7.csproj", "{2298C051-DAE7-4316-9AC1-B1F69DC66374}"
EndProject
Project("{FAE04EC0-301F-11D3-BF4B-00C04F79EFBC}") = "Labe_no8", "Labe_no8\Labe_no8.csproj", "{E90B106C-28D8-4CDF-B9ED-4D40B5C1D299}"
EndProject
Project("{FAE04EC0-301F-11D3-BF4B-00C04F79EFBC}") = "Labe_no9", "Labe_no9\Labe_no9.csproj", "{2542386C-5D7D-4CE0-9180-FD4F4EC64B59}"
EndProject
Project("{FAE04EC0-301F-11D3-BF4B-00C04F79EFBC}") = "Labe_no10", "Labe_no10\Labe_no10.csproj", "{7BC30299-6297-4621-993D-A49111BC2854}"
EndProject
Project("{FAE04EC0-301F-11D3-BF4B-00C04F79EFBC}") = "Labe_no11", "Labe_no11\Labe_no11.csproj", "{D080BA6D-BEAF-4FDC-8A50-7A623916D0C0}"
EndProject
Project("{9A19103F-16F7-4668-BE54-9A1E7A4F7556}") = "Labe_no12", "Labe_no12\Labe_no12.csproj", "{6332B624-5B22-4923-93CC-D4149E2515A5}"
EndProject
Project("{9A19103F-16F7-4668-BE54-9A1E7A4F7556}") = "Labe_no13", "Labe_no13\Labe_no13.csproj", "{E5035DA5-FCF4-45A1-9788-C5FABA56AA6E}"
EndProject
Project("{9A19103F-16F7-4668-BE54-9A1E7A4F7556}") = "Lab_no14", "Lab_no14\Lab_no14.csproj", "{FC95FF43-FD26-4860-8211-9F7DCE6E2C9A}"
EndProject
Project("{9A19103F-16F7-4668-BE54-9A1E7A4F7556}") = "Lab_no15", "Lab_no15\Lab_no15.csproj", "{B9661095-7781-4CA9-8D49-64A9424554BB}"
EndProject
Project("{9A19103F-16F7-4668-BE54-9A1E7A4F7556}") = "Lab_no15.2", "Lab_no15.2\Lab_no15.2.csproj", "{09B049E9-1E90-44AD-BECE-8B450D2E6240}"
EndProject
Project("{9A19103F-16F7-4668-BE54-9A1E7A4F7556}") = "Lab_no15.3", "Lab_no15.3\Lab_no15.3.csproj", "{B82C5171-71AD-42ED-9066-041D7B0F10D2}"
EndProject
Project("{9A19103F-16F7-4668-BE54-9A1E7A4F7556}") = "Lab_no16", "Lab_no16\Lab_no16.csproj", "{9B0EAB57-ED8F-4E57-93BF-8C11F4D7E168}"
EndProject
Project("{9A19103F-16F7-4668-BE54-9A1E7A4F7556}") = "Lab_no16.2", "Lab_no16.2\Lab_no16.2.csproj", "{63075B49-AB4A-462A-A49A-70CC001D0FCB}"
EndProject
Project("{9A19103F-16F7-4668-BE54-9A1E7A4F7556}") = "Lab_no18", "Lab_no18\Lab_no18.csproj", "{56331582-DB6C-457E-9055-385BC8AC07CE}"
EndProject
Project("{9A19103F-16F7-4668-BE54-9A1E7A4F7556}") = "Lab_no16.3", "Lab_no16.3\Lab_no16.3.csproj", "{19A5EEDA-A55D-4C2F-B6B2-29F64F32A0C1}"
EndProject
Project("{9A19103F-16F7-4668-BE54-9A1E7A4F7556}") = "Lab_no18.2", "Lab_no18.2\Lab_no18.2.csproj", "{47CE8776-6117-4C8F-AB09-8DFB749FC4FF}"
EndProject
Project("{9A19103F-16F7-4668-BE54-9A1E7A4F7556}") = "Lab_no19", "Lab_no19\Lab_no19.csproj", "{E212BD37-58B0-446D-A60C-58EB0867DD71}"
EndProject
Project("{9A19103F-16F7-4668-BE54-9A1E7A4F7556}") = "Lab_no20", "Lab_no20\Lab_no20.csproj", "{7BB0F5D0-DB4C-4E33-B81B-4E7744407AED}"
EndProject
Project("{2150E333-8FDC-42A3-9474-1A3956D46DE8}") = "Lab_no21", "Lab_no21", "{2BAA5016-6368-4753-8358-01B94A7B2B21}"
EndProject
Project("{FAE04EC0-301F-11D3-BF4B-00C04F79EFBC}") = "Lab_no21_1", "Lab_no21\Lab_no21_1\Lab_no20_1\Lab_no21_1.csproj", "{D6F6F606-5A60-4D44-B4F7-3784F8FB2CBF}"
EndProject
Project("{FAE04EC0-301F-11D3-BF4B-00C04F79EFBC}") = "Lab_no21_2", "Lab_no21\Lab_no21_2\Lab_no21_2.csproj", "{5103A39D-9FB0-4A1E-B47D-79B6AED1166A}"
EndProject
Project("{FAE04EC0-301F-11D3-BF4B-00C04F79EFBC}") = "Lab_no_22", "Lab_no_22\Lab_no_22.csproj", "{8148B8C5-5129-41F8-BAF9-DEB29D6E681C}"
EndProject
Project("{9A19103F-16F7-4668-BE54-9A1E7A4F7556}") = "Lab_no25", "Lab_no25\Lab_no25.csproj", "{C816E217-3B2F-4825-809B-31412362E2B7}"
EndProject
Project("{2150E333-8FDC-42A3-9474-1A3956D46DE8}") = "DatabaseLabs", "DatabaseLabs", "{5EC4EBC2-ADB5-478D-8366-2C37C8F4302A}"
EndProject
Project("{FAE04EC0-301F-11D3-BF4B-00C04F79EFBC}") = "Lab_no26", "Lab_no26\Lab_no26.csproj", "{21D07B10-4973-49E5-8BC3-618CA1B86DD4}"
EndProject
Global
	GlobalSection(SolutionConfigurationPlatforms) = preSolution
		Debug|Any CPU = Debug|Any CPU
		Release|Any CPU = Release|Any CPU
	EndGlobalSection
	GlobalSection(ProjectConfigurationPlatforms) = postSolution
		{62B44BC9-4644-40F2-B946-D64B1E0BE7BB}.Debug|Any CPU.ActiveCfg = Debug|Any CPU
		{62B44BC9-4644-40F2-B946-D64B1E0BE7BB}.Debug|Any CPU.Build.0 = Debug|Any CPU
		{62B44BC9-4644-40F2-B946-D64B1E0BE7BB}.Release|Any CPU.ActiveCfg = Release|Any CPU
		{62B44BC9-4644-40F2-B946-D64B1E0BE7BB}.Release|Any CPU.Build.0 = Release|Any CPU
		{3941A766-EC14-423E-BEDB-8B30FEE01BF4}.Debug|Any CPU.ActiveCfg = Debug|Any CPU
		{3941A766-EC14-423E-BEDB-8B30FEE01BF4}.Debug|Any CPU.Build.0 = Debug|Any CPU
		{3941A766-EC14-423E-BEDB-8B30FEE01BF4}.Release|Any CPU.ActiveCfg = Release|Any CPU
		{3941A766-EC14-423E-BEDB-8B30FEE01BF4}.Release|Any CPU.Build.0 = Release|Any CPU
		{F1E06BDF-78C3-49F1-A0B3-7A83C41CE4B8}.Debug|Any CPU.ActiveCfg = Debug|Any CPU
		{F1E06BDF-78C3-49F1-A0B3-7A83C41CE4B8}.Debug|Any CPU.Build.0 = Debug|Any CPU
		{F1E06BDF-78C3-49F1-A0B3-7A83C41CE4B8}.Release|Any CPU.ActiveCfg = Release|Any CPU
		{F1E06BDF-78C3-49F1-A0B3-7A83C41CE4B8}.Release|Any CPU.Build.0 = Release|Any CPU
		{07A98E3B-C129-4E95-9132-4806A66B3862}.Debug|Any CPU.ActiveCfg = Debug|Any CPU
		{07A98E3B-C129-4E95-9132-4806A66B3862}.Debug|Any CPU.Build.0 = Debug|Any CPU
		{07A98E3B-C129-4E95-9132-4806A66B3862}.Release|Any CPU.ActiveCfg = Release|Any CPU
		{07A98E3B-C129-4E95-9132-4806A66B3862}.Release|Any CPU.Build.0 = Release|Any CPU
		{500BAE3F-9644-4ED6-9B03-A4DBDCB47184}.Debug|Any CPU.ActiveCfg = Debug|Any CPU
		{500BAE3F-9644-4ED6-9B03-A4DBDCB47184}.Debug|Any CPU.Build.0 = Debug|Any CPU
		{500BAE3F-9644-4ED6-9B03-A4DBDCB47184}.Release|Any CPU.ActiveCfg = Release|Any CPU
		{500BAE3F-9644-4ED6-9B03-A4DBDCB47184}.Release|Any CPU.Build.0 = Release|Any CPU
		{2298C051-DAE7-4316-9AC1-B1F69DC66374}.Debug|Any CPU.ActiveCfg = Debug|Any CPU
		{2298C051-DAE7-4316-9AC1-B1F69DC66374}.Debug|Any CPU.Build.0 = Debug|Any CPU
		{2298C051-DAE7-4316-9AC1-B1F69DC66374}.Release|Any CPU.ActiveCfg = Release|Any CPU
		{2298C051-DAE7-4316-9AC1-B1F69DC66374}.Release|Any CPU.Build.0 = Release|Any CPU
		{E90B106C-28D8-4CDF-B9ED-4D40B5C1D299}.Debug|Any CPU.ActiveCfg = Debug|Any CPU
		{E90B106C-28D8-4CDF-B9ED-4D40B5C1D299}.Debug|Any CPU.Build.0 = Debug|Any CPU
		{E90B106C-28D8-4CDF-B9ED-4D40B5C1D299}.Release|Any CPU.ActiveCfg = Release|Any CPU
		{E90B106C-28D8-4CDF-B9ED-4D40B5C1D299}.Release|Any CPU.Build.0 = Release|Any CPU
		{2542386C-5D7D-4CE0-9180-FD4F4EC64B59}.Debug|Any CPU.ActiveCfg = Debug|Any CPU
		{2542386C-5D7D-4CE0-9180-FD4F4EC64B59}.Debug|Any CPU.Build.0 = Debug|Any CPU
		{2542386C-5D7D-4CE0-9180-FD4F4EC64B59}.Release|Any CPU.ActiveCfg = Release|Any CPU
		{2542386C-5D7D-4CE0-9180-FD4F4EC64B59}.Release|Any CPU.Build.0 = Release|Any CPU
		{7BC30299-6297-4621-993D-A49111BC2854}.Debug|Any CPU.ActiveCfg = Debug|Any CPU
		{7BC30299-6297-4621-993D-A49111BC2854}.Debug|Any CPU.Build.0 = Debug|Any CPU
		{7BC30299-6297-4621-993D-A49111BC2854}.Release|Any CPU.ActiveCfg = Release|Any CPU
		{7BC30299-6297-4621-993D-A49111BC2854}.Release|Any CPU.Build.0 = Release|Any CPU
		{D080BA6D-BEAF-4FDC-8A50-7A623916D0C0}.Debug|Any CPU.ActiveCfg = Debug|Any CPU
		{D080BA6D-BEAF-4FDC-8A50-7A623916D0C0}.Debug|Any CPU.Build.0 = Debug|Any CPU
		{D080BA6D-BEAF-4FDC-8A50-7A623916D0C0}.Release|Any CPU.ActiveCfg = Release|Any CPU
		{D080BA6D-BEAF-4FDC-8A50-7A623916D0C0}.Release|Any CPU.Build.0 = Release|Any CPU
		{6332B624-5B22-4923-93CC-D4149E2515A5}.Debug|Any CPU.ActiveCfg = Debug|Any CPU
		{6332B624-5B22-4923-93CC-D4149E2515A5}.Debug|Any CPU.Build.0 = Debug|Any CPU
		{6332B624-5B22-4923-93CC-D4149E2515A5}.Release|Any CPU.ActiveCfg = Release|Any CPU
		{6332B624-5B22-4923-93CC-D4149E2515A5}.Release|Any CPU.Build.0 = Release|Any CPU
		{E5035DA5-FCF4-45A1-9788-C5FABA56AA6E}.Debug|Any CPU.ActiveCfg = Debug|Any CPU
		{E5035DA5-FCF4-45A1-9788-C5FABA56AA6E}.Debug|Any CPU.Build.0 = Debug|Any CPU
		{E5035DA5-FCF4-45A1-9788-C5FABA56AA6E}.Release|Any CPU.ActiveCfg = Release|Any CPU
		{E5035DA5-FCF4-45A1-9788-C5FABA56AA6E}.Release|Any CPU.Build.0 = Release|Any CPU
		{FC95FF43-FD26-4860-8211-9F7DCE6E2C9A}.Debug|Any CPU.ActiveCfg = Debug|Any CPU
		{FC95FF43-FD26-4860-8211-9F7DCE6E2C9A}.Debug|Any CPU.Build.0 = Debug|Any CPU
		{FC95FF43-FD26-4860-8211-9F7DCE6E2C9A}.Release|Any CPU.ActiveCfg = Release|Any CPU
		{FC95FF43-FD26-4860-8211-9F7DCE6E2C9A}.Release|Any CPU.Build.0 = Release|Any CPU
		{B9661095-7781-4CA9-8D49-64A9424554BB}.Debug|Any CPU.ActiveCfg = Debug|Any CPU
		{B9661095-7781-4CA9-8D49-64A9424554BB}.Debug|Any CPU.Build.0 = Debug|Any CPU
		{B9661095-7781-4CA9-8D49-64A9424554BB}.Release|Any CPU.ActiveCfg = Release|Any CPU
		{B9661095-7781-4CA9-8D49-64A9424554BB}.Release|Any CPU.Build.0 = Release|Any CPU
		{09B049E9-1E90-44AD-BECE-8B450D2E6240}.Debug|Any CPU.ActiveCfg = Debug|Any CPU
		{09B049E9-1E90-44AD-BECE-8B450D2E6240}.Debug|Any CPU.Build.0 = Debug|Any CPU
		{09B049E9-1E90-44AD-BECE-8B450D2E6240}.Release|Any CPU.ActiveCfg = Release|Any CPU
		{09B049E9-1E90-44AD-BECE-8B450D2E6240}.Release|Any CPU.Build.0 = Release|Any CPU
		{B82C5171-71AD-42ED-9066-041D7B0F10D2}.Debug|Any CPU.ActiveCfg = Debug|Any CPU
		{B82C5171-71AD-42ED-9066-041D7B0F10D2}.Debug|Any CPU.Build.0 = Debug|Any CPU
		{B82C5171-71AD-42ED-9066-041D7B0F10D2}.Release|Any CPU.ActiveCfg = Release|Any CPU
		{B82C5171-71AD-42ED-9066-041D7B0F10D2}.Release|Any CPU.Build.0 = Release|Any CPU
		{9B0EAB57-ED8F-4E57-93BF-8C11F4D7E168}.Debug|Any CPU.ActiveCfg = Debug|Any CPU
		{9B0EAB57-ED8F-4E57-93BF-8C11F4D7E168}.Debug|Any CPU.Build.0 = Debug|Any CPU
		{9B0EAB57-ED8F-4E57-93BF-8C11F4D7E168}.Release|Any CPU.ActiveCfg = Release|Any CPU
		{9B0EAB57-ED8F-4E57-93BF-8C11F4D7E168}.Release|Any CPU.Build.0 = Release|Any CPU
		{63075B49-AB4A-462A-A49A-70CC001D0FCB}.Debug|Any CPU.ActiveCfg = Debug|Any CPU
		{63075B49-AB4A-462A-A49A-70CC001D0FCB}.Debug|Any CPU.Build.0 = Debug|Any CPU
		{63075B49-AB4A-462A-A49A-70CC001D0FCB}.Release|Any CPU.ActiveCfg = Release|Any CPU
		{63075B49-AB4A-462A-A49A-70CC001D0FCB}.Release|Any CPU.Build.0 = Release|Any CPU
		{56331582-DB6C-457E-9055-385BC8AC07CE}.Debug|Any CPU.ActiveCfg = Debug|Any CPU
		{56331582-DB6C-457E-9055-385BC8AC07CE}.Debug|Any CPU.Build.0 = Debug|Any CPU
		{56331582-DB6C-457E-9055-385BC8AC07CE}.Release|Any CPU.ActiveCfg = Release|Any CPU
		{56331582-DB6C-457E-9055-385BC8AC07CE}.Release|Any CPU.Build.0 = Release|Any CPU
		{19A5EEDA-A55D-4C2F-B6B2-29F64F32A0C1}.Debug|Any CPU.ActiveCfg = Debug|Any CPU
		{19A5EEDA-A55D-4C2F-B6B2-29F64F32A0C1}.Debug|Any CPU.Build.0 = Debug|Any CPU
		{19A5EEDA-A55D-4C2F-B6B2-29F64F32A0C1}.Release|Any CPU.ActiveCfg = Release|Any CPU
		{19A5EEDA-A55D-4C2F-B6B2-29F64F32A0C1}.Release|Any CPU.Build.0 = Release|Any CPU
		{47CE8776-6117-4C8F-AB09-8DFB749FC4FF}.Debug|Any CPU.ActiveCfg = Debug|Any CPU
		{47CE8776-6117-4C8F-AB09-8DFB749FC4FF}.Debug|Any CPU.Build.0 = Debug|Any CPU
		{47CE8776-6117-4C8F-AB09-8DFB749FC4FF}.Release|Any CPU.ActiveCfg = Release|Any CPU
		{47CE8776-6117-4C8F-AB09-8DFB749FC4FF}.Release|Any CPU.Build.0 = Release|Any CPU
		{E212BD37-58B0-446D-A60C-58EB0867DD71}.Debug|Any CPU.ActiveCfg = Debug|Any CPU
		{E212BD37-58B0-446D-A60C-58EB0867DD71}.Debug|Any CPU.Build.0 = Debug|Any CPU
		{E212BD37-58B0-446D-A60C-58EB0867DD71}.Release|Any CPU.ActiveCfg = Release|Any CPU
		{E212BD37-58B0-446D-A60C-58EB0867DD71}.Release|Any CPU.Build.0 = Release|Any CPU
		{7BB0F5D0-DB4C-4E33-B81B-4E7744407AED}.Debug|Any CPU.ActiveCfg = Debug|Any CPU
		{7BB0F5D0-DB4C-4E33-B81B-4E7744407AED}.Debug|Any CPU.Build.0 = Debug|Any CPU
		{7BB0F5D0-DB4C-4E33-B81B-4E7744407AED}.Release|Any CPU.ActiveCfg = Release|Any CPU
		{7BB0F5D0-DB4C-4E33-B81B-4E7744407AED}.Release|Any CPU.Build.0 = Release|Any CPU
		{D6F6F606-5A60-4D44-B4F7-3784F8FB2CBF}.Debug|Any CPU.ActiveCfg = Debug|Any CPU
		{D6F6F606-5A60-4D44-B4F7-3784F8FB2CBF}.Debug|Any CPU.Build.0 = Debug|Any CPU
		{D6F6F606-5A60-4D44-B4F7-3784F8FB2CBF}.Release|Any CPU.ActiveCfg = Release|Any CPU
		{D6F6F606-5A60-4D44-B4F7-3784F8FB2CBF}.Release|Any CPU.Build.0 = Release|Any CPU
		{5103A39D-9FB0-4A1E-B47D-79B6AED1166A}.Debug|Any CPU.ActiveCfg = Debug|Any CPU
		{5103A39D-9FB0-4A1E-B47D-79B6AED1166A}.Debug|Any CPU.Build.0 = Debug|Any CPU
		{5103A39D-9FB0-4A1E-B47D-79B6AED1166A}.Release|Any CPU.ActiveCfg = Release|Any CPU
		{5103A39D-9FB0-4A1E-B47D-79B6AED1166A}.Release|Any CPU.Build.0 = Release|Any CPU
		{8148B8C5-5129-41F8-BAF9-DEB29D6E681C}.Debug|Any CPU.ActiveCfg = Debug|Any CPU
		{8148B8C5-5129-41F8-BAF9-DEB29D6E681C}.Debug|Any CPU.Build.0 = Debug|Any CPU
		{8148B8C5-5129-41F8-BAF9-DEB29D6E681C}.Release|Any CPU.ActiveCfg = Release|Any CPU
		{8148B8C5-5129-41F8-BAF9-DEB29D6E681C}.Release|Any CPU.Build.0 = Release|Any CPU
		{C816E217-3B2F-4825-809B-31412362E2B7}.Debug|Any CPU.ActiveCfg = Debug|Any CPU
		{C816E217-3B2F-4825-809B-31412362E2B7}.Debug|Any CPU.Build.0 = Debug|Any CPU
		{C816E217-3B2F-4825-809B-31412362E2B7}.Release|Any CPU.ActiveCfg = Release|Any CPU
		{C816E217-3B2F-4825-809B-31412362E2B7}.Release|Any CPU.Build.0 = Release|Any CPU
		{21D07B10-4973-49E5-8BC3-618CA1B86DD4}.Debug|Any CPU.ActiveCfg = Debug|Any CPU
		{21D07B10-4973-49E5-8BC3-618CA1B86DD4}.Debug|Any CPU.Build.0 = Debug|Any CPU
		{21D07B10-4973-49E5-8BC3-618CA1B86DD4}.Release|Any CPU.ActiveCfg = Release|Any CPU
		{21D07B10-4973-49E5-8BC3-618CA1B86DD4}.Release|Any CPU.Build.0 = Release|Any CPU
	EndGlobalSection
	GlobalSection(SolutionProperties) = preSolution
		HideSolutionNode = FALSE
	EndGlobalSection
	GlobalSection(NestedProjects) = preSolution
		{D6F6F606-5A60-4D44-B4F7-3784F8FB2CBF} = {2BAA5016-6368-4753-8358-01B94A7B2B21}
		{5103A39D-9FB0-4A1E-B47D-79B6AED1166A} = {2BAA5016-6368-4753-8358-01B94A7B2B21}
		{C816E217-3B2F-4825-809B-31412362E2B7} = {5EC4EBC2-ADB5-478D-8366-2C37C8F4302A}
		{21D07B10-4973-49E5-8BC3-618CA1B86DD4} = {5EC4EBC2-ADB5-478D-8366-2C37C8F4302A}
	EndGlobalSection
	GlobalSection(ExtensibilityGlobals) = postSolution
		SolutionGuid = {87F9EAC9-F392-4A86-A22B-83782DF76878}
	EndGlobalSection
EndGlobal
